
Microsoft Visual Studio Solution File, Format Version 12.00
Project("{FAE04EC0-301F-11D3-BF4B-00C04F79EFBC}") = "Client", "Client\Client.csproj", "{34E5E4E6-F130-4E98-8DBF-755E0B4B798B}"
EndProject
Global
	GlobalSection(SolutionConfigurationPlatforms) = preSolution
		Debug|Any CPU = Debug|Any CPU
		Release|Any CPU = Release|Any CPU
	EndGlobalSection
	GlobalSection(ProjectConfigurationPlatforms) = postSolution
		{34E5E4E6-F130-4E98-8DBF-755E0B4B798B}.Debug|Any CPU.ActiveCfg = Debug|Any CPU
		{34E5E4E6-F130-4E98-8DBF-755E0B4B798B}.Debug|Any CPU.Build.0 = Debug|Any CPU
		{34E5E4E6-F130-4E98-8DBF-755E0B4B798B}.Release|Any CPU.ActiveCfg = Release|Any CPU
		{34E5E4E6-F130-4E98-8DBF-755E0B4B798B}.Release|Any CPU.Build.0 = Release|Any CPU
	EndGlobalSection
EndGlobal
